// !$*UTF8*$!
{
	archiveVersion = 1;
	classes = {
	};
	objectVersion = 55;
	objects = {

/* Begin PBXBuildFile section */
		050DBE76299E46E400B28181 /* AppDelegate.swift in Sources */ = {isa = PBXBuildFile; fileRef = 050DBE75299E46E400B28181 /* AppDelegate.swift */; };
		050DBE78299E46E400B28181 /* SceneDelegate.swift in Sources */ = {isa = PBXBuildFile; fileRef = 050DBE77299E46E400B28181 /* SceneDelegate.swift */; };
		050DBE7A299E46E400B28181 /* ViewController.swift in Sources */ = {isa = PBXBuildFile; fileRef = 050DBE79299E46E400B28181 /* ViewController.swift */; };
		050DBE7F299E46E700B28181 /* Assets.xcassets in Resources */ = {isa = PBXBuildFile; fileRef = 050DBE7E299E46E700B28181 /* Assets.xcassets */; };
		050DBE82299E46E700B28181 /* LaunchScreen.storyboard in Resources */ = {isa = PBXBuildFile; fileRef = 050DBE80299E46E700B28181 /* LaunchScreen.storyboard */; };
		050DBE8C299E47C000B28181 /* Constants.swift in Sources */ = {isa = PBXBuildFile; fileRef = 050DBE8B299E47C000B28181 /* Constants.swift */; };
		050DBE8F299E481100B28181 /* MainVC.swift in Sources */ = {isa = PBXBuildFile; fileRef = 050DBE8E299E481100B28181 /* MainVC.swift */; };
		050DBE95299E4D5200B28181 /* Colors.xcassets in Resources */ = {isa = PBXBuildFile; fileRef = 050DBE94299E4D5200B28181 /* Colors.xcassets */; };
		050DBE97299F6B2700B28181 /* CustomTableViewCell.swift in Sources */ = {isa = PBXBuildFile; fileRef = 050DBE96299F6B2700B28181 /* CustomTableViewCell.swift */; };
		050DBE99299F791E00B28181 /* EditVC.swift in Sources */ = {isa = PBXBuildFile; fileRef = 050DBE98299F791E00B28181 /* EditVC.swift */; };
		050DBE9C299F846600B28181 /* NoteModel.swift in Sources */ = {isa = PBXBuildFile; fileRef = 050DBE9B299F846600B28181 /* NoteModel.swift */; };
		050DBE9E299F8D7C00B28181 /* MainViewModel.swift in Sources */ = {isa = PBXBuildFile; fileRef = 050DBE9D299F8D7C00B28181 /* MainViewModel.swift */; };
		050DBEA2299F8EAF00B28181 /* CDNoteModel.xcdatamodeld in Sources */ = {isa = PBXBuildFile; fileRef = 050DBEA0299F8EAF00B28181 /* CDNoteModel.xcdatamodeld */; };
		050DBEA5299F8F8B00B28181 /* Note+CoreDataClass.swift in Sources */ = {isa = PBXBuildFile; fileRef = 050DBEA3299F8F8B00B28181 /* Note+CoreDataClass.swift */; };
		050DBEA6299F8F8B00B28181 /* Note+CoreDataProperties.swift in Sources */ = {isa = PBXBuildFile; fileRef = 050DBEA4299F8F8B00B28181 /* Note+CoreDataProperties.swift */; };
		050DBEA929A33F4800B28181 /* UITextView+extension.swift in Sources */ = {isa = PBXBuildFile; fileRef = 050DBEA829A33F4800B28181 /* UITextView+extension.swift */; };
		C44BE1CDBFE377646543C6E7 /* Pods_CFT_test.framework in Frameworks */ = {isa = PBXBuildFile; fileRef = F50283F0DB1935534A2F8AC7 /* Pods_CFT_test.framework */; };
/* End PBXBuildFile section */

/* Begin PBXFileReference section */
		050DBE72299E46E400B28181 /* CFT_test.app */ = {isa = PBXFileReference; explicitFileType = wrapper.application; includeInIndex = 0; path = CFT_test.app; sourceTree = BUILT_PRODUCTS_DIR; };
		050DBE75299E46E400B28181 /* AppDelegate.swift */ = {isa = PBXFileReference; lastKnownFileType = sourcecode.swift; path = AppDelegate.swift; sourceTree = "<group>"; };
		050DBE77299E46E400B28181 /* SceneDelegate.swift */ = {isa = PBXFileReference; lastKnownFileType = sourcecode.swift; path = SceneDelegate.swift; sourceTree = "<group>"; };
		050DBE79299E46E400B28181 /* ViewController.swift */ = {isa = PBXFileReference; lastKnownFileType = sourcecode.swift; path = ViewController.swift; sourceTree = "<group>"; };
		050DBE7E299E46E700B28181 /* Assets.xcassets */ = {isa = PBXFileReference; lastKnownFileType = folder.assetcatalog; path = Assets.xcassets; sourceTree = "<group>"; };
		050DBE81299E46E700B28181 /* Base */ = {isa = PBXFileReference; lastKnownFileType = file.storyboard; name = Base; path = Base.lproj/LaunchScreen.storyboard; sourceTree = "<group>"; };
		050DBE83299E46E700B28181 /* Info.plist */ = {isa = PBXFileReference; lastKnownFileType = text.plist.xml; path = Info.plist; sourceTree = "<group>"; };
		050DBE8B299E47C000B28181 /* Constants.swift */ = {isa = PBXFileReference; lastKnownFileType = sourcecode.swift; path = Constants.swift; sourceTree = "<group>"; };
		050DBE8E299E481100B28181 /* MainVC.swift */ = {isa = PBXFileReference; lastKnownFileType = sourcecode.swift; path = MainVC.swift; sourceTree = "<group>"; };
		050DBE94299E4D5200B28181 /* Colors.xcassets */ = {isa = PBXFileReference; lastKnownFileType = folder.assetcatalog; path = Colors.xcassets; sourceTree = "<group>"; };
		050DBE96299F6B2700B28181 /* CustomTableViewCell.swift */ = {isa = PBXFileReference; lastKnownFileType = sourcecode.swift; path = CustomTableViewCell.swift; sourceTree = "<group>"; };
		050DBE98299F791E00B28181 /* EditVC.swift */ = {isa = PBXFileReference; lastKnownFileType = sourcecode.swift; path = EditVC.swift; sourceTree = "<group>"; };
		050DBE9B299F846600B28181 /* NoteModel.swift */ = {isa = PBXFileReference; lastKnownFileType = sourcecode.swift; path = NoteModel.swift; sourceTree = "<group>"; };
		050DBE9D299F8D7C00B28181 /* MainViewModel.swift */ = {isa = PBXFileReference; lastKnownFileType = sourcecode.swift; path = MainViewModel.swift; sourceTree = "<group>"; };
		050DBEA1299F8EAF00B28181 /* CDNoteModel.xcdatamodel */ = {isa = PBXFileReference; lastKnownFileType = wrapper.xcdatamodel; path = CDNoteModel.xcdatamodel; sourceTree = "<group>"; };
		050DBEA3299F8F8B00B28181 /* Note+CoreDataClass.swift */ = {isa = PBXFileReference; lastKnownFileType = sourcecode.swift; path = "Note+CoreDataClass.swift"; sourceTree = SOURCE_ROOT; };
		050DBEA4299F8F8B00B28181 /* Note+CoreDataProperties.swift */ = {isa = PBXFileReference; lastKnownFileType = sourcecode.swift; path = "Note+CoreDataProperties.swift"; sourceTree = SOURCE_ROOT; };
		050DBEA829A33F4800B28181 /* UITextView+extension.swift */ = {isa = PBXFileReference; lastKnownFileType = sourcecode.swift; path = "UITextView+extension.swift"; sourceTree = "<group>"; };
		B1D0D3A067F59FF97A34A65A /* Pods-CFT_test.debug.xcconfig */ = {isa = PBXFileReference; includeInIndex = 1; lastKnownFileType = text.xcconfig; name = "Pods-CFT_test.debug.xcconfig"; path = "Target Support Files/Pods-CFT_test/Pods-CFT_test.debug.xcconfig"; sourceTree = "<group>"; };
		DA3AD3A0BA12096FE1F626A0 /* Pods-CFT_test.release.xcconfig */ = {isa = PBXFileReference; includeInIndex = 1; lastKnownFileType = text.xcconfig; name = "Pods-CFT_test.release.xcconfig"; path = "Target Support Files/Pods-CFT_test/Pods-CFT_test.release.xcconfig"; sourceTree = "<group>"; };
		F50283F0DB1935534A2F8AC7 /* Pods_CFT_test.framework */ = {isa = PBXFileReference; explicitFileType = wrapper.framework; includeInIndex = 0; path = Pods_CFT_test.framework; sourceTree = BUILT_PRODUCTS_DIR; };
/* End PBXFileReference section */

/* Begin PBXFrameworksBuildPhase section */
		050DBE6F299E46E400B28181 /* Frameworks */ = {
			isa = PBXFrameworksBuildPhase;
			buildActionMask = 2147483647;
			files = (
				C44BE1CDBFE377646543C6E7 /* Pods_CFT_test.framework in Frameworks */,
			);
			runOnlyForDeploymentPostprocessing = 0;
		};
/* End PBXFrameworksBuildPhase section */

/* Begin PBXGroup section */
		050DBE69299E46E400B28181 = {
			isa = PBXGroup;
			children = (
				050DBE74299E46E400B28181 /* CFT_test */,
				050DBE73299E46E400B28181 /* Products */,
				88B3FE44441AC8602E96AE13 /* Pods */,
				3451ECEE6B77D34D89DDED9C /* Frameworks */,
			);
			sourceTree = "<group>";
		};
		050DBE73299E46E400B28181 /* Products */ = {
			isa = PBXGroup;
			children = (
				050DBE72299E46E400B28181 /* CFT_test.app */,
			);
			name = Products;
			sourceTree = "<group>";
		};
		050DBE74299E46E400B28181 /* CFT_test */ = {
			isa = PBXGroup;
			children = (
				050DBEA729A33F2E00B28181 /* Extensions */,
				050DBE9F299F8E8C00B28181 /* CoreData */,
				050DBE9A299F843700B28181 /* Models */,
				050DBE90299E4A4200B28181 /* CustomCell */,
				050DBE8D299E47F700B28181 /* MainVC */,
				050DBE89299E479C00B28181 /* Assets */,
				050DBE75299E46E400B28181 /* AppDelegate.swift */,
				050DBE77299E46E400B28181 /* SceneDelegate.swift */,
				050DBE79299E46E400B28181 /* ViewController.swift */,
				050DBE7E299E46E700B28181 /* Assets.xcassets */,
				050DBE80299E46E700B28181 /* LaunchScreen.storyboard */,
				050DBE83299E46E700B28181 /* Info.plist */,
			);
			path = CFT_test;
			sourceTree = "<group>";
		};
		050DBE89299E479C00B28181 /* Assets */ = {
			isa = PBXGroup;
			children = (
				050DBE93299E4D3D00B28181 /* Fonts */,
				050DBE8A299E47A700B28181 /* Colors */,
				050DBE8B299E47C000B28181 /* Constants.swift */,
			);
			path = Assets;
			sourceTree = "<group>";
		};
		050DBE8A299E47A700B28181 /* Colors */ = {
			isa = PBXGroup;
			children = (
				050DBE94299E4D5200B28181 /* Colors.xcassets */,
			);
			path = Colors;
			sourceTree = "<group>";
		};
		050DBE8D299E47F700B28181 /* MainVC */ = {
			isa = PBXGroup;
			children = (
				050DBE8E299E481100B28181 /* MainVC.swift */,
				050DBE98299F791E00B28181 /* EditVC.swift */,
				050DBE9D299F8D7C00B28181 /* MainViewModel.swift */,
			);
			path = MainVC;
			sourceTree = "<group>";
		};
		050DBE90299E4A4200B28181 /* CustomCell */ = {
			isa = PBXGroup;
			children = (
				050DBE96299F6B2700B28181 /* CustomTableViewCell.swift */,
			);
			path = CustomCell;
			sourceTree = "<group>";
		};
		050DBE93299E4D3D00B28181 /* Fonts */ = {
			isa = PBXGroup;
			children = (
			);
			path = Fonts;
			sourceTree = "<group>";
		};
		050DBE9A299F843700B28181 /* Models */ = {
			isa = PBXGroup;
			children = (
				050DBE9B299F846600B28181 /* NoteModel.swift */,
			);
			path = Models;
			sourceTree = "<group>";
		};
		050DBE9F299F8E8C00B28181 /* CoreData */ = {
			isa = PBXGroup;
			children = (
				050DBEA3299F8F8B00B28181 /* Note+CoreDataClass.swift */,
				050DBEA4299F8F8B00B28181 /* Note+CoreDataProperties.swift */,
				050DBEA0299F8EAF00B28181 /* CDNoteModel.xcdatamodeld */,
			);
			path = CoreData;
			sourceTree = "<group>";
		};
		050DBEA729A33F2E00B28181 /* Extensions */ = {
			isa = PBXGroup;
			children = (
				050DBEA829A33F4800B28181 /* UITextView+extension.swift */,
			);
			path = Extensions;
			sourceTree = "<group>";
		};
		3451ECEE6B77D34D89DDED9C /* Frameworks */ = {
			isa = PBXGroup;
			children = (
				F50283F0DB1935534A2F8AC7 /* Pods_CFT_test.framework */,
			);
			name = Frameworks;
			sourceTree = "<group>";
		};
		88B3FE44441AC8602E96AE13 /* Pods */ = {
			isa = PBXGroup;
			children = (
				B1D0D3A067F59FF97A34A65A /* Pods-CFT_test.debug.xcconfig */,
				DA3AD3A0BA12096FE1F626A0 /* Pods-CFT_test.release.xcconfig */,
			);
			path = Pods;
			sourceTree = "<group>";
		};
/* End PBXGroup section */

/* Begin PBXNativeTarget section */
		050DBE71299E46E400B28181 /* CFT_test */ = {
			isa = PBXNativeTarget;
			buildConfigurationList = 050DBE86299E46E700B28181 /* Build configuration list for PBXNativeTarget "CFT_test" */;
			buildPhases = (
				B4CC2A1380890F5FE2804AF5 /* [CP] Check Pods Manifest.lock */,
				050DBE6E299E46E400B28181 /* Sources */,
				050DBE6F299E46E400B28181 /* Frameworks */,
				050DBE70299E46E400B28181 /* Resources */,
				0F99DAADCE311D81E6122837 /* [CP] Embed Pods Frameworks */,
			);
			buildRules = (
			);
			dependencies = (
			);
			name = CFT_test;
			productName = CFT_test;
			productReference = 050DBE72299E46E400B28181 /* CFT_test.app */;
			productType = "com.apple.product-type.application";
		};
/* End PBXNativeTarget section */

/* Begin PBXProject section */
		050DBE6A299E46E400B28181 /* Project object */ = {
			isa = PBXProject;
			attributes = {
				BuildIndependentTargetsInParallel = 1;
				LastSwiftUpdateCheck = 1320;
				LastUpgradeCheck = 1320;
				TargetAttributes = {
					050DBE71299E46E400B28181 = {
						CreatedOnToolsVersion = 13.2.1;
					};
				};
			};
			buildConfigurationList = 050DBE6D299E46E400B28181 /* Build configuration list for PBXProject "CFT_test" */;
			compatibilityVersion = "Xcode 13.0";
			developmentRegion = en;
			hasScannedForEncodings = 0;
			knownRegions = (
				en,
				Base,
			);
			mainGroup = 050DBE69299E46E400B28181;
			productRefGroup = 050DBE73299E46E400B28181 /* Products */;
			projectDirPath = "";
			projectRoot = "";
			targets = (
				050DBE71299E46E400B28181 /* CFT_test */,
			);
		};
/* End PBXProject section */

/* Begin PBXResourcesBuildPhase section */
		050DBE70299E46E400B28181 /* Resources */ = {
			isa = PBXResourcesBuildPhase;
			buildActionMask = 2147483647;
			files = (
				050DBE95299E4D5200B28181 /* Colors.xcassets in Resources */,
				050DBE82299E46E700B28181 /* LaunchScreen.storyboard in Resources */,
				050DBE7F299E46E700B28181 /* Assets.xcassets in Resources */,
			);
			runOnlyForDeploymentPostprocessing = 0;
		};
/* End PBXResourcesBuildPhase section */

/* Begin PBXShellScriptBuildPhase section */
		0F99DAADCE311D81E6122837 /* [CP] Embed Pods Frameworks */ = {
			isa = PBXShellScriptBuildPhase;
			buildActionMask = 2147483647;
			files = (
			);
			inputFileListPaths = (
				"${PODS_ROOT}/Target Support Files/Pods-CFT_test/Pods-CFT_test-frameworks-${CONFIGURATION}-input-files.xcfilelist",
			);
			name = "[CP] Embed Pods Frameworks";
			outputFileListPaths = (
				"${PODS_ROOT}/Target Support Files/Pods-CFT_test/Pods-CFT_test-frameworks-${CONFIGURATION}-output-files.xcfilelist",
			);
			runOnlyForDeploymentPostprocessing = 0;
			shellPath = /bin/sh;
			shellScript = "\"${PODS_ROOT}/Target Support Files/Pods-CFT_test/Pods-CFT_test-frameworks.sh\"\n";
			showEnvVarsInLog = 0;
		};
		B4CC2A1380890F5FE2804AF5 /* [CP] Check Pods Manifest.lock */ = {
			isa = PBXShellScriptBuildPhase;
			buildActionMask = 2147483647;
			files = (
			);
			inputFileListPaths = (
			);
			inputPaths = (
				"${PODS_PODFILE_DIR_PATH}/Podfile.lock",
				"${PODS_ROOT}/Manifest.lock",
			);
			name = "[CP] Check Pods Manifest.lock";
			outputFileListPaths = (
			);
			outputPaths = (
				"$(DERIVED_FILE_DIR)/Pods-CFT_test-checkManifestLockResult.txt",
			);
			runOnlyForDeploymentPostprocessing = 0;
			shellPath = /bin/sh;
			shellScript = "diff \"${PODS_PODFILE_DIR_PATH}/Podfile.lock\" \"${PODS_ROOT}/Manifest.lock\" > /dev/null\nif [ $? != 0 ] ; then\n    # print error to STDERR\n    echo \"error: The sandbox is not in sync with the Podfile.lock. Run 'pod install' or update your CocoaPods installation.\" >&2\n    exit 1\nfi\n# This output is used by Xcode 'outputs' to avoid re-running this script phase.\necho \"SUCCESS\" > \"${SCRIPT_OUTPUT_FILE_0}\"\n";
			showEnvVarsInLog = 0;
		};
/* End PBXShellScriptBuildPhase section */

/* Begin PBXSourcesBuildPhase section */
		050DBE6E299E46E400B28181 /* Sources */ = {
			isa = PBXSourcesBuildPhase;
			buildActionMask = 2147483647;
			files = (
				050DBE9E299F8D7C00B28181 /* MainViewModel.swift in Sources */,
				050DBE7A299E46E400B28181 /* ViewController.swift in Sources */,
				050DBE9C299F846600B28181 /* NoteModel.swift in Sources */,
				050DBEA6299F8F8B00B28181 /* Note+CoreDataProperties.swift in Sources */,
				050DBE8F299E481100B28181 /* MainVC.swift in Sources */,
				050DBE76299E46E400B28181 /* AppDelegate.swift in Sources */,
				050DBE97299F6B2700B28181 /* CustomTableViewCell.swift in Sources */,
				050DBEA929A33F4800B28181 /* UITextView+extension.swift in Sources */,
				050DBE78299E46E400B28181 /* SceneDelegate.swift in Sources */,
				050DBEA2299F8EAF00B28181 /* CDNoteModel.xcdatamodeld in Sources */,
				050DBEA5299F8F8B00B28181 /* Note+CoreDataClass.swift in Sources */,
				050DBE99299F791E00B28181 /* EditVC.swift in Sources */,
				050DBE8C299E47C000B28181 /* Constants.swift in Sources */,
			);
			runOnlyForDeploymentPostprocessing = 0;
		};
/* End PBXSourcesBuildPhase section */

/* Begin PBXVariantGroup section */
		050DBE80299E46E700B28181 /* LaunchScreen.storyboard */ = {
			isa = PBXVariantGroup;
			children = (
				050DBE81299E46E700B28181 /* Base */,
			);
			name = LaunchScreen.storyboard;
			sourceTree = "<group>";
		};
/* End PBXVariantGroup section */

/* Begin XCBuildConfiguration section */
		050DBE84299E46E700B28181 /* Debug */ = {
			isa = XCBuildConfiguration;
			buildSettings = {
				ALWAYS_SEARCH_USER_PATHS = NO;
				CLANG_ANALYZER_NONNULL = YES;
				CLANG_ANALYZER_NUMBER_OBJECT_CONVERSION = YES_AGGRESSIVE;
				CLANG_CXX_LANGUAGE_STANDARD = "gnu++17";
				CLANG_CXX_LIBRARY = "libc++";
				CLANG_ENABLE_MODULES = YES;
				CLANG_ENABLE_OBJC_ARC = YES;
				CLANG_ENABLE_OBJC_WEAK = YES;
				CLANG_WARN_BLOCK_CAPTURE_AUTORELEASING = YES;
				CLANG_WARN_BOOL_CONVERSION = YES;
				CLANG_WARN_COMMA = YES;
				CLANG_WARN_CONSTANT_CONVERSION = YES;
				CLANG_WARN_DEPRECATED_OBJC_IMPLEMENTATIONS = YES;
				CLANG_WARN_DIRECT_OBJC_ISA_USAGE = YES_ERROR;
				CLANG_WARN_DOCUMENTATION_COMMENTS = YES;
				CLANG_WARN_EMPTY_BODY = YES;
				CLANG_WARN_ENUM_CONVERSION = YES;
				CLANG_WARN_INFINITE_RECURSION = YES;
				CLANG_WARN_INT_CONVERSION = YES;
				CLANG_WARN_NON_LITERAL_NULL_CONVERSION = YES;
				CLANG_WARN_OBJC_IMPLICIT_RETAIN_SELF = YES;
				CLANG_WARN_OBJC_LITERAL_CONVERSION = YES;
				CLANG_WARN_OBJC_ROOT_CLASS = YES_ERROR;
				CLANG_WARN_QUOTED_INCLUDE_IN_FRAMEWORK_HEADER = YES;
				CLANG_WARN_RANGE_LOOP_ANALYSIS = YES;
				CLANG_WARN_STRICT_PROTOTYPES = YES;
				CLANG_WARN_SUSPICIOUS_MOVE = YES;
				CLANG_WARN_UNGUARDED_AVAILABILITY = YES_AGGRESSIVE;
				CLANG_WARN_UNREACHABLE_CODE = YES;
				CLANG_WARN__DUPLICATE_METHOD_MATCH = YES;
				COPY_PHASE_STRIP = NO;
				DEBUG_INFORMATION_FORMAT = dwarf;
				ENABLE_STRICT_OBJC_MSGSEND = YES;
				ENABLE_TESTABILITY = YES;
				GCC_C_LANGUAGE_STANDARD = gnu11;
				GCC_DYNAMIC_NO_PIC = NO;
				GCC_NO_COMMON_BLOCKS = YES;
				GCC_OPTIMIZATION_LEVEL = 0;
				GCC_PREPROCESSOR_DEFINITIONS = (
					"DEBUG=1",
					"$(inherited)",
				);
				GCC_WARN_64_TO_32_BIT_CONVERSION = YES;
				GCC_WARN_ABOUT_RETURN_TYPE = YES_ERROR;
				GCC_WARN_UNDECLARED_SELECTOR = YES;
				GCC_WARN_UNINITIALIZED_AUTOS = YES_AGGRESSIVE;
				GCC_WARN_UNUSED_FUNCTION = YES;
				GCC_WARN_UNUSED_VARIABLE = YES;
				IPHONEOS_DEPLOYMENT_TARGET = 15.2;
				MTL_ENABLE_DEBUG_INFO = INCLUDE_SOURCE;
				MTL_FAST_MATH = YES;
				ONLY_ACTIVE_ARCH = YES;
				SDKROOT = iphoneos;
				SWIFT_ACTIVE_COMPILATION_CONDITIONS = DEBUG;
				SWIFT_OPTIMIZATION_LEVEL = "-Onone";
			};
			name = Debug;
		};
		050DBE85299E46E700B28181 /* Release */ = {
			isa = XCBuildConfiguration;
			buildSettings = {
				ALWAYS_SEARCH_USER_PATHS = NO;
				CLANG_ANALYZER_NONNULL = YES;
				CLANG_ANALYZER_NUMBER_OBJECT_CONVERSION = YES_AGGRESSIVE;
				CLANG_CXX_LANGUAGE_STANDARD = "gnu++17";
				CLANG_CXX_LIBRARY = "libc++";
				CLANG_ENABLE_MODULES = YES;
				CLANG_ENABLE_OBJC_ARC = YES;
				CLANG_ENABLE_OBJC_WEAK = YES;
				CLANG_WARN_BLOCK_CAPTURE_AUTORELEASING = YES;
				CLANG_WARN_BOOL_CONVERSION = YES;
				CLANG_WARN_COMMA = YES;
				CLANG_WARN_CONSTANT_CONVERSION = YES;
				CLANG_WARN_DEPRECATED_OBJC_IMPLEMENTATIONS = YES;
				CLANG_WARN_DIRECT_OBJC_ISA_USAGE = YES_ERROR;
				CLANG_WARN_DOCUMENTATION_COMMENTS = YES;
				CLANG_WARN_EMPTY_BODY = YES;
				CLANG_WARN_ENUM_CONVERSION = YES;
				CLANG_WARN_INFINITE_RECURSION = YES;
				CLANG_WARN_INT_CONVERSION = YES;
				CLANG_WARN_NON_LITERAL_NULL_CONVERSION = YES;
				CLANG_WARN_OBJC_IMPLICIT_RETAIN_SELF = YES;
				CLANG_WARN_OBJC_LITERAL_CONVERSION = YES;
				CLANG_WARN_OBJC_ROOT_CLASS = YES_ERROR;
				CLANG_WARN_QUOTED_INCLUDE_IN_FRAMEWORK_HEADER = YES;
				CLANG_WARN_RANGE_LOOP_ANALYSIS = YES;
				CLANG_WARN_STRICT_PROTOTYPES = YES;
				CLANG_WARN_SUSPICIOUS_MOVE = YES;
				CLANG_WARN_UNGUARDED_AVAILABILITY = YES_AGGRESSIVE;
				CLANG_WARN_UNREACHABLE_CODE = YES;
				CLANG_WARN__DUPLICATE_METHOD_MATCH = YES;
				COPY_PHASE_STRIP = NO;
				DEBUG_INFORMATION_FORMAT = "dwarf-with-dsym";
				ENABLE_NS_ASSERTIONS = NO;
				ENABLE_STRICT_OBJC_MSGSEND = YES;
				GCC_C_LANGUAGE_STANDARD = gnu11;
				GCC_NO_COMMON_BLOCKS = YES;
				GCC_WARN_64_TO_32_BIT_CONVERSION = YES;
				GCC_WARN_ABOUT_RETURN_TYPE = YES_ERROR;
				GCC_WARN_UNDECLARED_SELECTOR = YES;
				GCC_WARN_UNINITIALIZED_AUTOS = YES_AGGRESSIVE;
				GCC_WARN_UNUSED_FUNCTION = YES;
				GCC_WARN_UNUSED_VARIABLE = YES;
				IPHONEOS_DEPLOYMENT_TARGET = 15.2;
				MTL_ENABLE_DEBUG_INFO = NO;
				MTL_FAST_MATH = YES;
				SDKROOT = iphoneos;
				SWIFT_COMPILATION_MODE = wholemodule;
				SWIFT_OPTIMIZATION_LEVEL = "-O";
				VALIDATE_PRODUCT = YES;
			};
			name = Release;
		};
		050DBE87299E46E700B28181 /* Debug */ = {
			isa = XCBuildConfiguration;
			baseConfigurationReference = B1D0D3A067F59FF97A34A65A /* Pods-CFT_test.debug.xcconfig */;
			buildSettings = {
				ASSETCATALOG_COMPILER_APPICON_NAME = AppIcon;
				ASSETCATALOG_COMPILER_GLOBAL_ACCENT_COLOR_NAME = AccentColor;
				CODE_SIGN_STYLE = Automatic;
				CURRENT_PROJECT_VERSION = 1;
				GENERATE_INFOPLIST_FILE = YES;
				INFOPLIST_FILE = CFT_test/Info.plist;
				INFOPLIST_KEY_UIApplicationSupportsIndirectInputEvents = YES;
				INFOPLIST_KEY_UILaunchStoryboardName = LaunchScreen;
				INFOPLIST_KEY_UISupportedInterfaceOrientations_iPad = "UIInterfaceOrientationPortrait UIInterfaceOrientationPortraitUpsideDown UIInterfaceOrientationLandscapeLeft UIInterfaceOrientationLandscapeRight";
				INFOPLIST_KEY_UISupportedInterfaceOrientations_iPhone = "UIInterfaceOrientationPortrait UIInterfaceOrientationLandscapeLeft UIInterfaceOrientationLandscapeRight";
				LD_RUNPATH_SEARCH_PATHS = (
					"$(inherited)",
					"@executable_path/Frameworks",
				);
				MARKETING_VERSION = 1.0;
				PRODUCT_BUNDLE_IDENTIFIER = "Nor1.CFT-test";
				PRODUCT_NAME = "$(TARGET_NAME)";
				SWIFT_EMIT_LOC_STRINGS = YES;
				SWIFT_VERSION = 5.0;
				TARGETED_DEVICE_FAMILY = "1,2";
			};
			name = Debug;
		};
		050DBE88299E46E700B28181 /* Release */ = {
			isa = XCBuildConfiguration;
			baseConfigurationReference = DA3AD3A0BA12096FE1F626A0 /* Pods-CFT_test.release.xcconfig */;
			buildSettings = {
				ASSETCATALOG_COMPILER_APPICON_NAME = AppIcon;
				ASSETCATALOG_COMPILER_GLOBAL_ACCENT_COLOR_NAME = AccentColor;
				CODE_SIGN_STYLE = Automatic;
				CURRENT_PROJECT_VERSION = 1;
				GENERATE_INFOPLIST_FILE = YES;
				INFOPLIST_FILE = CFT_test/Info.plist;
				INFOPLIST_KEY_UIApplicationSupportsIndirectInputEvents = YES;
				INFOPLIST_KEY_UILaunchStoryboardName = LaunchScreen;
				INFOPLIST_KEY_UISupportedInterfaceOrientations_iPad = "UIInterfaceOrientationPortrait UIInterfaceOrientationPortraitUpsideDown UIInterfaceOrientationLandscapeLeft UIInterfaceOrientationLandscapeRight";
				INFOPLIST_KEY_UISupportedInterfaceOrientations_iPhone = "UIInterfaceOrientationPortrait UIInterfaceOrientationLandscapeLeft UIInterfaceOrientationLandscapeRight";
				LD_RUNPATH_SEARCH_PATHS = (
					"$(inherited)",
					"@executable_path/Frameworks",
				);
				MARKETING_VERSION = 1.0;
				PRODUCT_BUNDLE_IDENTIFIER = "Nor1.CFT-test";
				PRODUCT_NAME = "$(TARGET_NAME)";
				SWIFT_EMIT_LOC_STRINGS = YES;
				SWIFT_VERSION = 5.0;
				TARGETED_DEVICE_FAMILY = "1,2";
			};
			name = Release;
		};
/* End XCBuildConfiguration section */

/* Begin XCConfigurationList section */
		050DBE6D299E46E400B28181 /* Build configuration list for PBXProject "CFT_test" */ = {
			isa = XCConfigurationList;
			buildConfigurations = (
				050DBE84299E46E700B28181 /* Debug */,
				050DBE85299E46E700B28181 /* Release */,
			);
			defaultConfigurationIsVisible = 0;
			defaultConfigurationName = Release;
		};
		050DBE86299E46E700B28181 /* Build configuration list for PBXNativeTarget "CFT_test" */ = {
			isa = XCConfigurationList;
			buildConfigurations = (
				050DBE87299E46E700B28181 /* Debug */,
				050DBE88299E46E700B28181 /* Release */,
			);
			defaultConfigurationIsVisible = 0;
			defaultConfigurationName = Release;
		};
/* End XCConfigurationList section */

/* Begin XCVersionGroup section */
		050DBEA0299F8EAF00B28181 /* CDNoteModel.xcdatamodeld */ = {
			isa = XCVersionGroup;
			children = (
				050DBEA1299F8EAF00B28181 /* CDNoteModel.xcdatamodel */,
			);
			currentVersion = 050DBEA1299F8EAF00B28181 /* CDNoteModel.xcdatamodel */;
			path = CDNoteModel.xcdatamodeld;
			sourceTree = "<group>";
			versionGroupType = wrapper.xcdatamodel;
		};
/* End XCVersionGroup section */
	};
	rootObject = 050DBE6A299E46E400B28181 /* Project object */;
}
